version = 1
revision = 3
requires-python = ">=3.13"
resolution-markers = [
    "python_full_version >= '3.14'",
    "python_full_version < '3.14'",
]

[[package]]
name = "anyio"
version = "4.14.2"
source = { registry = "https://pypi.org/simple" }
dependencies = [
    { name = "idna" },
]
sdist = { url = "https://files.pythonhosted.org/packages/61/cc/a381afa6efea9f496eff839d4a6a1aed3bfafc7b3ab4b0d1b243a12573dd/anyio-4.14.2.tar.gz", hash = "sha256:cfa139f3ed1a23ee8f88a145ddb5ac7605b8bbfd8592baacd7ce3d8bb4313c7f", size = 260176, upload-time = "2026-07-12T20:29:07.082Z" }
wheels = [
    { url = "https://files.pythonhosted.org/packages/da/35/f2287558c17e29fafc8ef3daf819bb9834061cfa43bff8014f7df7f63bdc/anyio-4.14.2-py3-none-any.whl", hash = "sha256:9f505dda5ac9f0c8309b5e8bd445a8c2bf7246f3ce950121e45ea15bc41d1494", size = 125813, upload-time = "2026-07-12T20:29:05.763Z" },
]

[[package]]
name = "certifi"
version = "2026.7.22"
source = { registry = "https://pypi.org/simple" }
sdist = { url = "https://files.pythonhosted.org/packages/a3/c2/24167ea9858356b47a87a50d39908bfdb72ceeefe0041586e704e5376b3a/certifi-2026.7.22.tar.gz", hash = "sha256:741e2c3b351ddf169a738da9f2c048608ff7f2c5cc02f1ebc6b118bb090d5d55", size = 138112, upload-time = "2026-07-22T03:35:12.644Z" }
wheels = [
    { url = "https://files.pythonhosted.org/packages/0b/a7/71ac2cff56fec219ed242bb11b8efb69fcc4bec75db06fb7bfe35de520e6/certifi-2026.7.22-py3-none-any.whl", hash = "sha256:62f22742b58a1a33014a2b6b706588a8d7e2a88ae7bd1a6ebe8c992928483775", size = 136983, upload-time = "2026-07-22T03:35:11.276Z" },
]

[[package]]
name = "dnspython"
version = "2.8.0"
source = { registry = "https://pypi.org/simple" }
sdist = { url = "https://files.pythonhosted.org/packages/8c/8b/57666417c0f90f08bcafa776861060426765fdb422eb10212086fb811d26/dnspython-2.8.0.tar.gz", hash = "sha256:181d3c6996452cb1189c4046c61599b84a5a86e099562ffde77d26984ff26d0f", size = 368251, upload-time = "2025-09-07T18:58:00.022Z" }
wheels = [
    { url = "https://files.pythonhosted.org/packages/ba/5a/18ad964b0086c6e62e2e7500f7edc89e3faa45033c71c1893d34eed2b2de/dnspython-2.8.0-py3-none-any.whl", hash = "sha256:01d9bbc4a2d76bf0db7c1f729812ded6d912bd318d3b1cf81d30c0f845dbf3af", size = 331094, upload-time = "2025-09-07T18:57:58.071Z" },
]

[[package]]
name = "h11"
version = "0.16.0"
source = { registry = "https://pypi.org/simple" }
sdist = { url = "https://files.pythonhosted.org/packages/01/ee/02a2c011bdab74c6fb3c75474d40b3052059d95df7e73351460c8588d963/h11-0.16.0.tar.gz", hash = "sha256:4e35b956cf45792e4caa5885e69fba00bdbc6ffafbfa020300e549b208ee5ff1", size = 101250, upload-time = "2025-04-24T03:35:25.427Z" }
wheels = [
    { url = "https://files.pythonhosted.org/packages/04/4b/29cac41a4d98d144bf5f6d33995617b185d14b22401f75ca86f384e87ff1/h11-0.16.0-py3-none-any.whl", hash = "sha256:63cf8bbe7522de3bf65932fda1d9c2772064ffb3dae62d55932da54b31cb6c86", size = 37515, upload-time = "2025-04-24T03:35:24.344Z" },
]

[[package]]
name = "httpcore"
version = "1.0.9"
source = { registry = "https://pypi.org/simple" }
dependencies = [
    { name = "certifi" },
    { name = "h11" },
]
sdist = { url = "https://files.pythonhosted.org/packages/06/94/82699a10bca87a5556c9c59b5963f2d039dbd239f25bc2a63907a05a14cb/httpcore-1.0.9.tar.gz", hash = "sha256:6e34463af53fd2ab5d807f399a9b45ea31c3dfa2276f15a2c3f00afff6e176e8", size = 85484, upload-time = "2025-04-24T22:06:22.219Z" }
wheels = [
    { url = "https://files.pythonhosted.org/packages/7e/f5/f66802a942d491edb555dd61e3a9961140fd64c90bce1eafd741609d334d/httpcore-1.0.9-py3-none-any.whl", hash = "sha256:2d400746a40668fc9dec9810239072b40b4484b640a8c38fd654a024c7a1bf55", size = 78784, upload-time = "2025-04-24T22:06:20.566Z" },
]

[[package]]
name = "httpx"
version = "0.28.1"
source = { registry = "https://pypi.org/simple" }
dependencies = [
    { name = "anyio" },
    { name = "certifi" },
    { name = "httpcore" },
    { name = "idna" },
]
sdist = { url = "https://files.pythonhosted.org/packages/b1/df/48c586a5fe32a0f01324ee087459e112ebb7224f646c0b5023f5e79e9956/httpx-0.28.1.tar.gz", hash = "sha256:75e98c5f16b0f35b567856f597f06ff2270a374470a5c2392242528e3e3e42fc", size = 141406, upload-time = "2024-12-06T15:37:23.222Z" }
wheels = [
    { url = "https://files.pythonhosted.org/packages/2a/39/e50c7c3a983047577ee07d2a9e53faf5a69493943ec3f6a384bdc792deb2/httpx-0.28.1-py3-none-any.whl", hash = "sha256:d909fcccc110f8c7faf814ca82a9a4d816bc5a6dbfea25d6591d6985b8ba59ad", size = 73517, upload-time = "2024-12-06T15:37:21.509Z" },
]

[[package]]
name = "idna"
version = "3.18"
source = { registry = "https://pypi.org/simple" }
sdist = { url = "https://files.pythonhosted.org/packages/cd/63/9496c57188a2ee585e0f1db071d75089a11e98aa86eb99d9d7618fc1edce/idna-3.18.tar.gz", hash = "sha256:ffb385a7e039654cef1ab9ef32c6fafe283c0c0467bba1d9029738ce4a14a848", size = 196711, upload-time = "2026-06-02T14:34:07.794Z" }
wheels = [
    { url = "https://files.pythonhosted.org/packages/1e/5e/d4e9f1a599fb8e573b7b87160658329fbf28d19eac2718f51fc3def3aa5a/idna-3.18-py3-none-any.whl", hash = "sha256:7f952cbe720b688055e3f87de14f5c3e5fdaa8bc3928985c4077ca689de849a2", size = 65455, upload-time = "2026-06-02T14:34:06.319Z" },
]

[[package]]
name = "motor"
version = "3.7.1"
source = { registry = "https://pypi.org/simple" }
dependencies = [
    { name = "pymongo" },
]
sdist = { url = "https://files.pythonhosted.org/packages/93/ae/96b88362d6a84cb372f7977750ac2a8aed7b2053eed260615df08d5c84f4/motor-3.7.1.tar.gz", hash = "sha256:27b4d46625c87928f331a6ca9d7c51c2f518ba0e270939d395bc1ddc89d64526", size = 280997, upload-time = "2025-05-14T18:56:33.653Z" }
wheels = [
    { url = "https://files.pythonhosted.org/packages/01/9a/35e053d4f442addf751ed20e0e922476508ee580786546d699b0567c4c67/motor-3.7.1-py3-none-any.whl", hash = "sha256:8a63b9049e38eeeb56b4fdd57c3312a6d1f25d01db717fe7d82222393c410298", size = 74996, upload-time = "2025-05-14T18:56:31.665Z" },
]

[[package]]
name = "pyaes"
version = "1.6.1"
source = { registry = "https://pypi.org/simple" }
sdist = { url = "https://files.pythonhosted.org/packages/44/66/2c17bae31c906613795711fc78045c285048168919ace2220daa372c7d72/pyaes-1.6.1.tar.gz", hash = "sha256:02c1b1405c38d3c370b085fb952dd8bea3fadcee6411ad99f312cc129c536d8f", size = 28536, upload-time = "2017-09-20T21:17:54.23Z" }

[[package]]
name = "pyasn1"
version = "0.6.4"
source = { registry = "https://pypi.org/simple" }
sdist = { url = "https://files.pythonhosted.org/packages/a4/9a/23310166d960def5897e91fe20e5b724601b02a22e84ba1f94232c0b7f67/pyasn1-0.6.4.tar.gz", hash = "sha256:9c447d8431c947fe4c8febc4ed9e760bc29011a5b01e5c74b67025bd9fb8ce81", size = 151262, upload-time = "2026-07-09T01:12:33.988Z" }
wheels = [
    { url = "https://files.pythonhosted.org/packages/9a/3b/6163796d69c3977d1e4287bea4a6979161cbbdd170ebb430511e8e1999ce/pyasn1-0.6.4-py3-none-any.whl", hash = "sha256:deda9277cfd454080ec40b207fb6df82206a3a2688735233cdcd8d3d565f088b", size = 84410, upload-time = "2026-07-09T01:12:32.92Z" },
]

[[package]]
name = "pymongo"
version = "4.17.0"
source = { registry = "https://pypi.org/simple" }
dependencies = [
    { name = "dnspython" },
]
sdist = { url = "https://files.pythonhosted.org/packages/ca/64/50be6fbac9c79fe2e4c17401a467da2d8764d82833d83cec325afe5cab32/pymongo-4.17.0.tar.gz", hash = "sha256:70ffa08ba641468cc068cf46c06b34f01a8ce3489f6411309fcb5ceabe6b2fc0", size = 2523370, upload-time = "2026-04-20T16:39:53.524Z" }
wheels = [
    { url = "https://files.pythonhosted.org/packages/2a/6b/c1206879708b94e82fcd8b9653440ec271f79a3674d122192df383047f5a/pymongo-4.17.0-cp313-cp313-macosx_10_13_x86_64.whl", hash = "sha256:809ec74de3b9148ae43fa8df9faf53470f511c8d384f13b99d6f671f2a379f15", size = 985829, upload-time = "2026-04-20T16:38:21.031Z" },
    { url = "https://files.pythonhosted.org/packages/cb/cf/bb044ed85160e5c40f568c7c4f4e8ea16f40764ff5d302e5befbe8f6f814/pymongo-4.17.0-cp313-cp313-macosx_11_0_arm64.whl", hash = "sha256:a431b737816bf4cddd4fa0fcef04e424ad36b7692734a64150f872fb8f3208be", size = 985899, upload-time = "2026-04-20T16:38:23.409Z" },
    { url = "https://files.pythonhosted.org/packages/74/0a/f6dfd5ea3901e5d6888da8de8ba728971a1d447debab681cfc56f90d1208/pymongo-4.17.0-cp313-cp313-manylinux1_i686.manylinux_2_28_i686.manylinux_2_5_i686.whl", hash = "sha256:e4fab10f8403169ce92f3cea921609d9ee81107306caae06c08f592d4b8ad2b5", size = 2028569, upload-time = "2026-04-20T16:38:25.343Z" },
    { url = "https://files.pythonhosted.org/packages/4a/c5/081f59a1c02ae8c0dc73ae58e563838c44eec81aeafa7d0b93a637841c9b/pymongo-4.17.0-cp313-cp313-manylinux2014_aarch64.manylinux_2_17_aarch64.manylinux_2_28_aarch64.whl", hash = "sha256:20323b0b1c1d33770ad1fc68d429c757734ce9ad3594421c3d6618f10572b1b9", size = 2072916, upload-time = "2026-04-20T16:38:27.291Z" },
    { url = "https://files.pythonhosted.org/packages/31/42/6e41d434297ffe8b30d9c3717916591a4a7be9075a0dcc2fafdfaaaa62ed/pymongo-4.17.0-cp313-cp313-manylinux2014_ppc64le.manylinux_2_17_ppc64le.manylinux_2_28_ppc64le.whl", hash = "sha256:5a5de048e6da5c18e27cc2437e8c15b3b0cdc8385c15b41178b0caa3322a09c2", size = 2173234, upload-time = "2026-04-20T16:38:29.474Z" },
    { url = "https://files.pythonhosted.org/packages/3d/cf/1e4a7db352ef9485831c7268dfe8402f0117b32a9ad54b16e810699e3617/pymongo-4.17.0-cp313-cp313-manylinux2014_s390x.manylinux_2_17_s390x.manylinux_2_28_s390x.whl", hash = "sha256:dff3de1294fbbc1db0ba6b511f77b8e540601d092538a31312e99c8a91a78b1e", size = 2156784, upload-time = "2026-04-20T16:38:32.134Z" },
    { url = "https://files.pythonhosted.org/packages/12/10/6195be29962a61ebb5f4bd9e4c7519890b172f7968a0a0d880398c6ddb02/pymongo-4.17.0-cp313-cp313-manylinux2014_x86_64.manylinux_2_17_x86_64.manylinux_2_28_x86_64.whl", hash = "sha256:faf03e4c2aafd6de626dbd30ba246d369ae33f47f10629d1bbe40f72115027a6", size = 2074446, upload-time = "2026-04-20T16:38:34.004Z" },
    { url = "https://files.pythonhosted.org/packages/37/48/33410b8819837ed370c738587306bdf060b59cef11823be212f4a07703c5/pymongo-4.17.0-cp313-cp313-win32.whl", hash = "sha256:c9786665926a09630c5d420c79762cfadbff35a9438bcbc4c81a9fb5ab9228b7", size = 948435, upload-time = "2026-04-20T16:38:35.922Z" },
    { url = "https://files.pythonhosted.org/packages/6f/77/c0ed522f798a286b99acaa7914ed8d9c80ab091f97f57c59ffed72906e5e/pymongo-4.17.0-cp313-cp313-win_amd64.whl", hash = "sha256:5960519b4d7168f1ecdd3ea10c81b2aedeb9423651aca953cfbc8e76705d3b38", size = 972847, upload-time = "2026-04-20T16:38:37.888Z" },
    { url = "https://files.pythonhosted.org/packages/97/f0/c39480a2db385fde23861d0c8acda41cdaf1d43e46579db72c5c013a2e81/pymongo-4.17.0-cp313-cp313-win_arm64.whl", hash = "sha256:0ff6bd2f735ab5356541e3e57d5b7dbfbc3f2ee1ccb10b6b0f82d58af69d1d8e", size = 951575, upload-time = "2026-04-20T16:38:40.544Z" },
    { url = "https://files.pythonhosted.org/packages/da/49/2b0250762a89737ed6f9cea238331baca061b89a8ddd10dd17fee52c3970/pymongo-4.17.0-cp314-cp314-macosx_10_15_x86_64.whl", hash = "sha256:ff5aa3f1c7e3f08eb0e7a016c91ba468b1850ccfd63d9b1f12f56350f4974cef", size = 1040945, upload-time = "2026-04-20T16:38:42.783Z" },
    { url = "https://files.pythonhosted.org/packages/89/1c/7a9b5447a08be20e84b6e5b17330917e8d6d9507daa3cd099a9309f11ad7/pymongo-4.17.0-cp314-cp314-macosx_11_0_arm64.whl", hash = "sha256:e816db649ba5d7de0568cf3a9f287a9dc9aad21cf0ca667ab156a7ef47fca0b0", size = 1041187, upload-time = "2026-04-20T16:38:45.358Z" },
    { url = "https://files.pythonhosted.org/packages/78/a1/71704f61632dfc90407a5834fe5f6132854937c4a3648f6c05c351d85a45/pymongo-4.17.0-cp314-cp314-manylinux1_i686.manylinux_2_28_i686.manylinux_2_5_i686.whl", hash = "sha256:12c4fded3a9f1d6a687e36ebd384ac6d00b9b00de1969aa74048e7051ec2a713", size = 2294806, upload-time = "2026-04-20T16:38:47.734Z" },
    { url = "https://files.pythonhosted.org/packages/ad/b9/aff42be75108b96c2469b1d9329b912c15108f3e7ef32fdc86da8423c330/pymongo-4.17.0-cp314-cp314-manylinux2014_aarch64.manylinux_2_17_aarch64.manylinux_2_28_aarch64.whl", hash = "sha256:2db66aa8dd253a0fc1fad3b0d23d5b3993f7ebde02fbbd7727128debf2853675", size = 2348231, upload-time = "2026-04-20T16:38:50.371Z" },
    { url = "https://files.pythonhosted.org/packages/f2/30/44c115b8ba1479942c15fd9480eb29a7da0ba68acd56983423ba0deb4a94/pymongo-4.17.0-cp314-cp314-manylinux2014_ppc64le.manylinux_2_17_ppc64le.manylinux_2_28_ppc64le.whl", hash = "sha256:3987e96e7c7be4083d42e8ac2cc6c0d5b78db9973c90fce42ae800b616ca6b20", size = 2467614, upload-time = "2026-04-20T16:38:52.665Z" },
    { url = "https://files.pythonhosted.org/packages/d2/84/21ee95c8bf0ca7acae7ec7eb365d740bf8fc0156c194baf2c3bdfcb85ec0/pymongo-4.17.0-cp314-cp314-manylinux2014_s390x.manylinux_2_17_s390x.manylinux_2_28_s390x.whl", hash = "sha256:cee36b3c0d0354f880fa7a7fdcdaf2bb5e542c2281e25c1bfadf8cfe21eba7d2", size = 2445970, upload-time = "2026-04-20T16:38:55.175Z" },
    { url = "https://files.pythonhosted.org/packages/06/89/081d7f1809d5ca09d1e47e49f2111b245f5694de3a7af32cd3a353a6f43f/pymongo-4.17.0-cp314-cp314-manylinux2014_x86_64.manylinux_2_17_x86_64.manylinux_2_28_x86_64.whl", hash = "sha256:320b34457b20bbcc79997801f95d25ce00472915ca5241167242b42c4359e027", size = 2348605, upload-time = "2026-04-20T16:38:57.557Z" },
    { url = "https://files.pythonhosted.org/packages/ea/c3/0d949f9d3f2a341c1f635c398c16615e96f89f51ff424ed81e914cf1a4de/pymongo-4.17.0-cp314-cp314-win32.whl", hash = "sha256:df4a644af9ae132d4bfdb2e9516ea51a615fd881caddfbfbd071cf1354844479", size = 1004119, upload-time = "2026-04-20T16:39:00.309Z" },
    { url = "https://files.pythonhosted.org/packages/f7/55/5c3a3db1048054c695c75c5964cc8bedc2247fdb5a75ef6fab4ec8bb013e/pymongo-4.17.0-cp314-cp314-win_amd64.whl", hash = "sha256:c797f8a80957134f6dd9690367a0f8f5906d672119af2c6aa55f0c527b656bed", size = 1032314, upload-time = "2026-04-20T16:39:02.665Z" },
    { url = "https://files.pythonhosted.org/packages/e0/19/e235f39906134cb0ffd5574c5a59c355ef5380f0499644ab94994afbb109/pymongo-4.17.0-cp314-cp314-win_arm64.whl", hash = "sha256:68fca71e05ee5da23a8d73cee8379dfb3d26e609a377cae731d742771ed96946", size = 1007627, upload-time = "2026-04-20T16:39:04.678Z" },
    { url = "https://files.pythonhosted.org/packages/1e/e0/c4c1a86791415b14c684fa0908f9da96de91594a3fd1fa1b8dc689fbb800/pymongo-4.17.0-cp314-cp314t-macosx_10_15_x86_64.whl", hash = "sha256:b4384700cffc3f1dd98e088bc0072dedf6d7d68a230bb4b972665cf69c071c1e", size = 1099151, upload-time = "2026-04-20T16:39:06.969Z" },
    { url = "https://files.pythonhosted.org/packages/81/4b/69c67f3e23fd9b23b9bedc7ebd23754881cc9d5c5d5b2a9811e96b07f475/pymongo-4.17.0-cp314-cp314t-macosx_11_0_arm64.whl", hash = "sha256:93641192644fa1ee0f34030e774fd31022a27ad11ba22cb1716142231524f8bd", size = 1099346, upload-time = "2026-04-20T16:39:08.996Z" },
    { url = "https://files.pythonhosted.org/packages/a2/19/a5208f62f9508a26d73acc69bd3821b8c8adae253679a3c26d2f9652f0d5/pymongo-4.17.0-cp314-cp314t-manylinux1_i686.manylinux_2_28_i686.manylinux_2_5_i686.whl", hash = "sha256:75bc3aa5b94fdb7138d357ec6ca61cd97e0c79f4f7f0bd3efe9639b15cc50942", size = 2619034, upload-time = "2026-04-20T16:39:11.049Z" },
    { url = "https://files.pythonhosted.org/packages/77/27/426cba1ec5973082a56d4150798529bfdf4151c31391ed1fbbecb23ef2ac/pymongo-4.17.0-cp314-cp314t-manylinux2014_aarch64.manylinux_2_17_aarch64.manylinux_2_28_aarch64.whl", hash = "sha256:50e8f8e23c6df7c6d6929f5e734980b227706e73ee847517c9ba5af90f7fc466", size = 2689939, upload-time = "2026-04-20T16:39:13.617Z" },
    { url = "https://files.pythonhosted.org/packages/ef/2e/f70993d1255e33f6ee59a4ec4371cc65bff7a7e3fda7d55c3386f25287e8/pymongo-4.17.0-cp314-cp314t-manylinux2014_ppc64le.manylinux_2_17_ppc64le.manylinux_2_28_ppc64le.whl", hash = "sha256:15d3f3d732aecac1f8d481bde4029755615639bd3076f258a2147210aec8515a", size = 2824994, upload-time = "2026-04-20T16:39:16.057Z" },
    { url = "https://files.pythonhosted.org/packages/b3/eb/87b0e988ba889e1fcc3430c2cfc166b251872c813e92b43174298bee17ff/pymongo-4.17.0-cp314-cp314t-manylinux2014_s390x.manylinux_2_17_s390x.manylinux_2_28_s390x.whl", hash = "sha256:6c5f62862d0f87be481fa1fe8cb811994486773c94a2b61e509285e3f2890763", size = 2801745, upload-time = "2026-04-20T16:39:18.476Z" },
    { url = "https://files.pythonhosted.org/packages/67/4c/3f83412d086f682d4d468761d66ddc49cf161e786ea74073045eb4491c60/pymongo-4.17.0-cp314-cp314t-manylinux2014_x86_64.manylinux_2_17_x86_64.manylinux_2_28_x86_64.whl", hash = "sha256:64837adbbd72073301af51bb0fc80e3d7707fe5527cea1033ba0320f0b2f881b", size = 2684636, upload-time = "2026-04-20T16:39:20.878Z" },
    { url = "https://files.pythonhosted.org/packages/9e/d8/b75f6f4ab6c8beb50b0270a4f1e2530b5774f5e116563440e1677ca1820f/pymongo-4.17.0-cp314-cp314t-win32.whl", hash = "sha256:b93b22eedc62598cf5ee9d8c8007a8e9121c50fd88137012d8985500e9dc3151", size = 1056356, upload-time = "2026-04-20T16:39:22.996Z" },
    { url = "https://files.pythonhosted.org/packages/e4/5e/648c8a238eef18a25ed8a169ea6542d4a860bbec3e95b3d9badac2935c71/pymongo-4.17.0-cp314-cp314t-win_amd64.whl", hash = "sha256:3689ea34f6b647c7d1e7bdc60fcfb214b2789ed1359a7fb96569c69f50e5f18f", size = 1090964, upload-time = "2026-04-20T16:39:24.989Z" },
    { url = "https://files.pythonhosted.org/packages/dc/cb/d9780b66939c4fc1f024bcc7be23a2abcfe06a9745ca8fa76dc73395482e/pymongo-4.17.0-cp314-cp314t-win_arm64.whl", hash = "sha256:9543d8f84c2e5608565c08ac679774811e6730770d8a645439b073422a4276fb", size = 1058526, upload-time = "2026-04-20T16:39:27.924Z" },
]

[[package]]
name = "python-dotenv"
version = "1.2.2"
source = { registry = "https://pypi.org/simple" }
sdist = { url = "https://files.pythonhosted.org/packages/82/ed/0301aeeac3e5353ef3d94b6ec08bbcabd04a72018415dcb29e588514bba8/python_dotenv-1.2.2.tar.gz", hash = "sha256:2c371a91fbd7ba082c2c1dc1f8bf89ca22564a087c2c287cd9b662adde799cf3", size = 50135, upload-time = "2026-03-01T16:00:26.196Z" }
wheels = [
    { url = "https://files.pythonhosted.org/packages/0b/d7/1959b9648791274998a9c3526f6d0ec8fd2233e4d4acce81bbae76b44b2a/python_dotenv-1.2.2-py3-none-any.whl", hash = "sha256:1d8214789a24de455a8b8bd8ae6fe3c6b69a5e3d64aa8a8e5d68e694bbcb285a", size = 22101, upload-time = "2026-03-01T16:00:25.09Z" },
]

[[package]]
name = "python-telegram-bot"
version = "22.8"
source = { registry = "https://pypi.org/simple" }
dependencies = [
    { name = "httpcore", marker = "python_full_version >= '3.14'" },
    { name = "httpx" },
]
sdist = { url = "https://files.pythonhosted.org/packages/ba/77/153517bb1ac1bba670c6fb1dbf09e1fd0730494b1705934e715391413a0d/python_telegram_bot-22.8.tar.gz", hash = "sha256:f9d3847fcb23ee603477e442800b33bb4adf851a73e0619d2050be879decf1ef", size = 1551700, upload-time = "2026-06-12T08:10:29.1Z" }
wheels = [
    { url = "https://files.pythonhosted.org/packages/60/7c/ed7d4dd94280bd434173cae9f7a7aedaaab9af128ae4f494423a5687c820/python_telegram_bot-22.8-py3-none-any.whl", hash = "sha256:42373918097f1b837cc4e717d588c19ea79651497ec712bb5b0c76e5e63c50e1", size = 769397, upload-time = "2026-06-12T08:10:27.066Z" },
]

[[package]]
name = "repl-nix-workspace"
version = "0.1.0"
source = { virtual = "." }
dependencies = [
    { name = "motor" },
    { name = "pymongo" },
    { name = "python-dotenv" },
    { name = "python-telegram-bot" },
    { name = "telethon" },
]

[package.metadata]
requires-dist = [
    { name = "motor", specifier = ">=3.7.1" },
    { name = "pymongo", specifier = ">=4.17.0" },
    { name = "python-dotenv", specifier = ">=1.2.2" },
    { name = "python-telegram-bot", specifier = ">=22.8" },
    { name = "telethon", specifier = ">=1.44.0" },
]

[[package]]
name = "rsa"
version = "4.9.1"
source = { registry = "https://pypi.org/simple" }
dependencies = [
    { name = "pyasn1" },
]
sdist = { url = "https://files.pythonhosted.org/packages/da/8a/22b7beea3ee0d44b1916c0c1cb0ee3af23b700b6da9f04991899d0c555d4/rsa-4.9.1.tar.gz", hash = "sha256:e7bdbfdb5497da4c07dfd35530e1a902659db6ff241e39d9953cad06ebd0ae75", size = 29034, upload-time = "2025-04-16T09:51:18.218Z" }
wheels = [
    { url = "https://files.pythonhosted.org/packages/64/8d/0133e4eb4beed9e425d9a98ed6e081a55d195481b7632472be1af08d2f6b/rsa-4.9.1-py3-none-any.whl", hash = "sha256:68635866661c6836b8d39430f97a996acbd61bfa49406748ea243539fe239762", size = 34696, upload-time = "2025-04-16T09:51:17.142Z" },
]

[[package]]
name = "telethon"
version = "1.44.0"
source = { registry = "https://pypi.org/simple" }
dependencies = [
    { name = "pyaes" },
    { name = "rsa" },
]
sdist = { url = "https://files.pythonhosted.org/packages/49/e2/d4137e598db0ba50e4cf9bf32f2e26d016b2c4bb0e9763e3d5a07007d780/telethon-1.44.0.tar.gz", hash = "sha256:7de1473e9e412e20bd57b102d8f50d48372712462be9ff6c003bb81c50ad7e98", size = 701463, upload-time = "2026-06-15T15:47:39.44Z" }
wheels = [
    { url = "https://files.pythonhosted.org/packages/82/fd/4ad621d7a4b8655dfc964ee1c1267407496ec6fd10c91901a64ea29c16c8/telethon-1.44.0-py3-none-any.whl", hash = "sha256:52fc49efb67a4916c2aedcb295ad286f4afa2aba9bf15d83ed2acdc64af0c718", size = 789786, upload-time = "2026-06-15T15:47:41.534Z" },
]
